<Solution>
  <Project Path="src/Nikke.Core/Nikke.Core.csproj" />
  <Project Path="src/Nikke.Engine/Nikke.Engine.csproj" />
  <Project Path="src/Nikke.Contracts/Nikke.Contracts.csproj" />
  <Project Path="src/Nikke.Compute/Nikke.Compute.csproj" />
  <Project Path="src/Nikke.Jobs/Nikke.Jobs.csproj" />
  <Project Path="src/Nikke.Analysis/Nikke.Analysis.csproj" />
  <Project Path="src/Nikke.Data/Nikke.Data.csproj" />
  <Project Path="src/Nikke.Storage/Nikke.Storage.csproj" />
  <Project Path="src/Nikke.Api/Nikke.Api.csproj" />
  <Project Path="src/Nikke.Desktop/Nikke.Desktop.csproj" />
  <Project Path="tests/Nikke.Sync.Tests/Nikke.Sync.Tests.csproj" />
  <Project Path="tests/Nikke.Compute.Tests/Nikke.Compute.Tests.csproj" />
  <Project Path="tests/Nikke.Analysis.Tests/Nikke.Analysis.Tests.csproj" />
  <Project Path="tests/Nikke.Core.Tests/Nikke.Core.Tests.csproj" />
  <Project Path="tools/Nikke.Smoke/Nikke.Smoke.csproj" />
  <Project Path="tools/Nikke.SyncAudit/Nikke.SyncAudit.csproj" />
  <Project Path="tools/Nikke.CalculationAudit/Nikke.CalculationAudit.csproj" />
  <Project Path="tools/connection-audit/ConnectionAudit.csproj" />
</Solution>
